
Microsoft Visual Studio Solution File, Format Version 12.00
# Visual Studio 15
VisualStudioVersion = 15.0.27428.2015
MinimumVisualStudioVersion = 10.0.40219.1
Project("{FAE04EC0-301F-11D3-BF4B-00C04F79EFBC}") = "SessionTimeOutSample", "SessionTimeOutSample\SessionTimeOutSample.csproj", "{4DA28EC1-63CA-4B2F-A80B-77CDA2FFFAB9}"
EndProject
Global
	GlobalSection(SolutionConfigurationPlatforms) = preSolution
		Debug|Any CPU = Debug|Any CPU
		Release|Any CPU = Release|Any CPU
	EndGlobalSection
	GlobalSection(ProjectConfigurationPlatforms) = postSolution
		{4DA28EC1-63CA-4B2F-A80B-77CDA2FFFAB9}.Debug|Any CPU.ActiveCfg = Debug|Any CPU
		{4DA28EC1-63CA-4B2F-A80B-77CDA2FFFAB9}.Debug|Any CPU.Build.0 = Debug|Any CPU
		{4DA28EC1-63CA-4B2F-A80B-77CDA2FFFAB9}.Release|Any CPU.ActiveCfg = Release|Any CPU
		{4DA28EC1-63CA-4B2F-A80B-77CDA2FFFAB9}.Release|Any CPU.Build.0 = Release|Any CPU
	EndGlobalSection
	GlobalSection(SolutionProperties) = preSolution
		HideSolutionNode = FALSE
	EndGlobalSection
	GlobalSection(ExtensibilityGlobals) = postSolution
		SolutionGuid = {57A6F5DD-DA24-49AA-AE53-C1E735B2A433}
	EndGlobalSection
EndGlobal
